
Microsoft Visual Studio Solution File, Format Version 12.00
Project("{FAE04EC0-301F-11D3-BF4B-00C04F79EFBC}") = "ExiledProjectCMS.Core", "ExiledProjectCMS.Core\ExiledProjectCMS.Core.csproj", "{7BEDBEE4-71DA-4A51-AFD0-FF073C5F55B5}"
EndProject
Project("{FAE04EC0-301F-11D3-BF4B-00C04F79EFBC}") = "ExiledProjectCMS.Application", "ExiledProjectCMS.Application\ExiledProjectCMS.Application.csproj", "{3F92B540-C8BD-4177-9AF2-F28125C28AC8}"
EndProject
Project("{FAE04EC0-301F-11D3-BF4B-00C04F79EFBC}") = "ExiledProjectCMS.Infrastructure", "ExiledProjectCMS.Infrastructure\ExiledProjectCMS.Infrastructure.csproj", "{6F39D6ED-753C-45D4-9366-C4595FB994DE}"
EndProject
Project("{FAE04EC0-301F-11D3-BF4B-00C04F79EFBC}") = "ExiledProjectCMS.API", "ExiledProjectCMS.API\ExiledProjectCMS.API.csproj", "{0AEC8B71-FA3E-4868-AAEF-02044BCC1CC2}"
EndProject
Global
	GlobalSection(SolutionConfigurationPlatforms) = preSolution
		Debug|Any CPU = Debug|Any CPU
		Debug|x64 = Debug|x64
		Debug|x86 = Debug|x86
		Release|Any CPU = Release|Any CPU
		Release|x64 = Release|x64
		Release|x86 = Release|x86
	EndGlobalSection
	GlobalSection(ProjectConfigurationPlatforms) = postSolution
		{7BEDBEE4-71DA-4A51-AFD0-FF073C5F55B5}.Debug|Any CPU.ActiveCfg = Debug|Any CPU
		{7BEDBEE4-71DA-4A51-AFD0-FF073C5F55B5}.Debug|Any CPU.Build.0 = Debug|Any CPU
		{7BEDBEE4-71DA-4A51-AFD0-FF073C5F55B5}.Debug|x64.ActiveCfg = Debug|Any CPU
		{7BEDBEE4-71DA-4A51-AFD0-FF073C5F55B5}.Debug|x64.Build.0 = Debug|Any CPU
		{7BEDBEE4-71DA-4A51-AFD0-FF073C5F55B5}.Debug|x86.ActiveCfg = Debug|Any CPU
		{7BEDBEE4-71DA-4A51-AFD0-FF073C5F55B5}.Debug|x86.Build.0 = Debug|Any CPU
		{7BEDBEE4-71DA-4A51-AFD0-FF073C5F55B5}.Release|Any CPU.ActiveCfg = Release|Any CPU
		{7BEDBEE4-71DA-4A51-AFD0-FF073C5F55B5}.Release|Any CPU.Build.0 = Release|Any CPU
		{7BEDBEE4-71DA-4A51-AFD0-FF073C5F55B5}.Release|x64.ActiveCfg = Release|Any CPU
		{7BEDBEE4-71DA-4A51-AFD0-FF073C5F55B5}.Release|x64.Build.0 = Release|Any CPU
		{7BEDBEE4-71DA-4A51-AFD0-FF073C5F55B5}.Release|x86.ActiveCfg = Release|Any CPU
		{7BEDBEE4-71DA-4A51-AFD0-FF073C5F55B5}.Release|x86.Build.0 = Release|Any CPU
		{3F92B540-C8BD-4177-9AF2-F28125C28AC8}.Debug|Any CPU.ActiveCfg = Debug|Any CPU
		{3F92B540-C8BD-4177-9AF2-F28125C28AC8}.Debug|Any CPU.Build.0 = Debug|Any CPU
		{3F92B540-C8BD-4177-9AF2-F28125C28AC8}.Debug|x64.ActiveCfg = Debug|Any CPU
		{3F92B540-C8BD-4177-9AF2-F28125C28AC8}.Debug|x64.Build.0 = Debug|Any CPU
		{3F92B540-C8BD-4177-9AF2-F28125C28AC8}.Debug|x86.ActiveCfg = Debug|Any CPU
		{3F92B540-C8BD-4177-9AF2-F28125C28AC8}.Debug|x86.Build.0 = Debug|Any CPU
		{3F92B540-C8BD-4177-9AF2-F28125C28AC8}.Release|Any CPU.ActiveCfg = Release|Any CPU
		{3F92B540-C8BD-4177-9AF2-F28125C28AC8}.Release|Any CPU.Build.0 = Release|Any CPU
		{3F92B540-C8BD-4177-9AF2-F28125C28AC8}.Release|x64.ActiveCfg = Release|Any CPU
		{3F92B540-C8BD-4177-9AF2-F28125C28AC8}.Release|x64.Build.0 = Release|Any CPU
		{3F92B540-C8BD-4177-9AF2-F28125C28AC8}.Release|x86.ActiveCfg = Release|Any CPU
		{3F92B540-C8BD-4177-9AF2-F28125C28AC8}.Release|x86.Build.0 = Release|Any CPU
		{6F39D6ED-753C-45D4-9366-C4595FB994DE}.Debug|Any CPU.ActiveCfg = Debug|Any CPU
		{6F39D6ED-753C-45D4-9366-C4595FB994DE}.Debug|Any CPU.Build.0 = Debug|Any CPU
		{6F39D6ED-753C-45D4-9366-C4595FB994DE}.Debug|x64.ActiveCfg = Debug|Any CPU
		{6F39D6ED-753C-45D4-9366-C4595FB994DE}.Debug|x64.Build.0 = Debug|Any CPU
		{6F39D6ED-753C-45D4-9366-C4595FB994DE}.Debug|x86.ActiveCfg = Debug|Any CPU
		{6F39D6ED-753C-45D4-9366-C4595FB994DE}.Debug|x86.Build.0 = Debug|Any CPU
		{6F39D6ED-753C-45D4-9366-C4595FB994DE}.Release|Any CPU.ActiveCfg = Release|Any CPU
		{6F39D6ED-753C-45D4-9366-C4595FB994DE}.Release|Any CPU.Build.0 = Release|Any CPU
		{6F39D6ED-753C-45D4-9366-C4595FB994DE}.Release|x64.ActiveCfg = Release|Any CPU
		{6F39D6ED-753C-45D4-9366-C4595FB994DE}.Release|x64.Build.0 = Release|Any CPU
		{6F39D6ED-753C-45D4-9366-C4595FB994DE}.Release|x86.ActiveCfg = Release|Any CPU
		{6F39D6ED-753C-45D4-9366-C4595FB994DE}.Release|x86.Build.0 = Release|Any CPU
		{0AEC8B71-FA3E-4868-AAEF-02044BCC1CC2}.Debug|Any CPU.ActiveCfg = Debug|Any CPU
		{0AEC8B71-FA3E-4868-AAEF-02044BCC1CC2}.Debug|Any CPU.Build.0 = Debug|Any CPU
		{0AEC8B71-FA3E-4868-AAEF-02044BCC1CC2}.Debug|x64.ActiveCfg = Debug|Any CPU
		{0AEC8B71-FA3E-4868-AAEF-02044BCC1CC2}.Debug|x64.Build.0 = Debug|Any CPU
		{0AEC8B71-FA3E-4868-AAEF-02044BCC1CC2}.Debug|x86.ActiveCfg = Debug|Any CPU
		{0AEC8B71-FA3E-4868-AAEF-02044BCC1CC2}.Debug|x86.Build.0 = Debug|Any CPU
		{0AEC8B71-FA3E-4868-AAEF-02044BCC1CC2}.Release|Any CPU.ActiveCfg = Release|Any CPU
		{0AEC8B71-FA3E-4868-AAEF-02044BCC1CC2}.Release|Any CPU.Build.0 = Release|Any CPU
		{0AEC8B71-FA3E-4868-AAEF-02044BCC1CC2}.Release|x64.ActiveCfg = Release|Any CPU
		{0AEC8B71-FA3E-4868-AAEF-02044BCC1CC2}.Release|x64.Build.0 = Release|Any CPU
		{0AEC8B71-FA3E-4868-AAEF-02044BCC1CC2}.Release|x86.ActiveCfg = Release|Any CPU
		{0AEC8B71-FA3E-4868-AAEF-02044BCC1CC2}.Release|x86.Build.0 = Release|Any CPU
	EndGlobalSection
	GlobalSection(SolutionProperties) = preSolution
		HideSolutionNode = FALSE
	EndGlobalSection
EndGlobal
